
Microsoft Visual Studio Solution File, Format Version 12.00
# Visual Studio Version 16
VisualStudioVersion = 16.0.30717.126
MinimumVisualStudioVersion = 10.0.40219.1
Project("{FAE04EC0-301F-11D3-BF4B-00C04F79EFBC}") = "CampaignGen", "CampaignGen\CampaignGen.csproj", "{0139291B-99DB-459E-8F2D-5CCB192132E4}"
EndProject
Global
	GlobalSection(SolutionConfigurationPlatforms) = preSolution
		Debug|Any CPU = Debug|Any CPU
		Release|Any CPU = Release|Any CPU
	EndGlobalSection
	GlobalSection(ProjectConfigurationPlatforms) = postSolution
		{0139291B-99DB-459E-8F2D-5CCB192132E4}.Debug|Any CPU.ActiveCfg = Debug|Any CPU
		{0139291B-99DB-459E-8F2D-5CCB192132E4}.Debug|Any CPU.Build.0 = Debug|Any CPU
		{0139291B-99DB-459E-8F2D-5CCB192132E4}.Release|Any CPU.ActiveCfg = Release|Any CPU
		{0139291B-99DB-459E-8F2D-5CCB192132E4}.Release|Any CPU.Build.0 = Release|Any CPU
	EndGlobalSection
	GlobalSection(SolutionProperties) = preSolution
		HideSolutionNode = FALSE
	EndGlobalSection
	GlobalSection(ExtensibilityGlobals) = postSolution
		SolutionGuid = {3C5A5AC4-F031-4CDB-A319-5FB61A4FDE03}
	EndGlobalSection
EndGlobal
